
Microsoft Visual Studio Solution File, Format Version 12.00
# Visual Studio Version 17
VisualStudioVersion = 17.14.37411.7
MinimumVisualStudioVersion = 10.0.40219.1
Project("{FAE04EC0-301F-11D3-BF4B-00C04F79EFBC}") = "Server", "Server\Server.csproj", "{9E1C1F03-6EEA-47DA-84D6-3298116BAC44}"
EndProject
Project("{FAE04EC0-301F-11D3-BF4B-00C04F79EFBC}") = "Client", "Client\Client.csproj", "{C672E4C4-AD8E-46D0-B500-8EDDC1368A58}"
EndProject
Project("{FAE04EC0-301F-11D3-BF4B-00C04F79EFBC}") = "BaseLibrary", "BaseLibrary\BaseLibrary.csproj", "{BFC7073A-6B3F-408D-B191-676DEA3F8E1A}"
EndProject
Project("{FAE04EC0-301F-11D3-BF4B-00C04F79EFBC}") = "ClientLibrary", "ClientLibrary\ClientLibrary.csproj", "{E413168A-4D24-4187-BAE1-24C9424E5EE5}"
EndProject
Project("{FAE04EC0-301F-11D3-BF4B-00C04F79EFBC}") = "ServerLibrary", "ServerLibrary\ServerLibrary.csproj", "{8FE55881-24ED-409C-90BB-54E696EE15B7}"
EndProject
Global
	GlobalSection(SolutionConfigurationPlatforms) = preSolution
		Debug|Any CPU = Debug|Any CPU
		Release|Any CPU = Release|Any CPU
	EndGlobalSection
	GlobalSection(ProjectConfigurationPlatforms) = postSolution
		{9E1C1F03-6EEA-47DA-84D6-3298116BAC44}.Debug|Any CPU.ActiveCfg = Debug|Any CPU
		{9E1C1F03-6EEA-47DA-84D6-3298116BAC44}.Debug|Any CPU.Build.0 = Debug|Any CPU
		{9E1C1F03-6EEA-47DA-84D6-3298116BAC44}.Release|Any CPU.ActiveCfg = Release|Any CPU
		{9E1C1F03-6EEA-47DA-84D6-3298116BAC44}.Release|Any CPU.Build.0 = Release|Any CPU
		{C672E4C4-AD8E-46D0-B500-8EDDC1368A58}.Debug|Any CPU.ActiveCfg = Debug|Any CPU
		{C672E4C4-AD8E-46D0-B500-8EDDC1368A58}.Debug|Any CPU.Build.0 = Debug|Any CPU
		{C672E4C4-AD8E-46D0-B500-8EDDC1368A58}.Release|Any CPU.ActiveCfg = Release|Any CPU
		{C672E4C4-AD8E-46D0-B500-8EDDC1368A58}.Release|Any CPU.Build.0 = Release|Any CPU
		{BFC7073A-6B3F-408D-B191-676DEA3F8E1A}.Debug|Any CPU.ActiveCfg = Debug|Any CPU
		{BFC7073A-6B3F-408D-B191-676DEA3F8E1A}.Debug|Any CPU.Build.0 = Debug|Any CPU
		{BFC7073A-6B3F-408D-B191-676DEA3F8E1A}.Release|Any CPU.ActiveCfg = Release|Any CPU
		{BFC7073A-6B3F-408D-B191-676DEA3F8E1A}.Release|Any CPU.Build.0 = Release|Any CPU
		{E413168A-4D24-4187-BAE1-24C9424E5EE5}.Debug|Any CPU.ActiveCfg = Debug|Any CPU
		{E413168A-4D24-4187-BAE1-24C9424E5EE5}.Debug|Any CPU.Build.0 = Debug|Any CPU
		{E413168A-4D24-4187-BAE1-24C9424E5EE5}.Release|Any CPU.ActiveCfg = Release|Any CPU
		{E413168A-4D24-4187-BAE1-24C9424E5EE5}.Release|Any CPU.Build.0 = Release|Any CPU
		{8FE55881-24ED-409C-90BB-54E696EE15B7}.Debug|Any CPU.ActiveCfg = Debug|Any CPU
		{8FE55881-24ED-409C-90BB-54E696EE15B7}.Debug|Any CPU.Build.0 = Debug|Any CPU
		{8FE55881-24ED-409C-90BB-54E696EE15B7}.Release|Any CPU.ActiveCfg = Release|Any CPU
		{8FE55881-24ED-409C-90BB-54E696EE15B7}.Release|Any CPU.Build.0 = Release|Any CPU
	EndGlobalSection
	GlobalSection(SolutionProperties) = preSolution
		HideSolutionNode = FALSE
	EndGlobalSection
	GlobalSection(ExtensibilityGlobals) = postSolution
		SolutionGuid = {F7D935EB-8521-4182-8AE1-088A2C6F6C50}
	EndGlobalSection
EndGlobal
